{
  "name": "soc-doctor",
  "version": "0.1.0",
  "lockfileVersion": 3,
  "requires": true,
  "packages": {
    "": {
      "name": "soc-doctor",
      "version": "0.1.0",
      "license": "MIT",
      "bin": {
        "soc-doctor": "bin/soc-doctor.js"
      },
      "engines": {
        "node": ">=18"
      }
    }
  }
}
